
Microsoft Visual Studio Solution File, Format Version 12.00
# Visual Studio Version 17
VisualStudioVersion = 17.3.32819.101
MinimumVisualStudioVersion = 10.0.40219.1
Project("{FAE04EC0-301F-11D3-BF4B-00C04F79EFBC}") = "PriceSpy.Web", "PriceSpy.Web\PriceSpy.Web.csproj", "{D747DE62-0C41-476B-90F9-FBB42A4AB1C0}"
EndProject
Global
	GlobalSection(SolutionConfigurationPlatforms) = preSolution
		Debug|Any CPU = Debug|Any CPU
		Release|Any CPU = Release|Any CPU
	EndGlobalSection
	GlobalSection(ProjectConfigurationPlatforms) = postSolution
		{D747DE62-0C41-476B-90F9-FBB42A4AB1C0}.Debug|Any CPU.ActiveCfg = Debug|Any CPU
		{D747DE62-0C41-476B-90F9-FBB42A4AB1C0}.Debug|Any CPU.Build.0 = Debug|Any CPU
		{D747DE62-0C41-476B-90F9-FBB42A4AB1C0}.Release|Any CPU.ActiveCfg = Release|Any CPU
		{D747DE62-0C41-476B-90F9-FBB42A4AB1C0}.Release|Any CPU.Build.0 = Release|Any CPU
	EndGlobalSection
	GlobalSection(SolutionProperties) = preSolution
		HideSolutionNode = FALSE
	EndGlobalSection
	GlobalSection(ExtensibilityGlobals) = postSolution
		SolutionGuid = {F959C197-1578-472F-BE33-F3E2CA56350D}
	EndGlobalSection
EndGlobal
